// !$*UTF8*$!
{
	archiveVersion = 1;
	classes = {};
	objectVersion = 56;
	objects = {

/* Begin PBXBuildFile section */
		C00000000000000000000001 /* FocusShieldApp.swift in Sources */ = {isa = PBXBuildFile; fileRef = A00000000000000000000001; };
		C00000000000000000000002 /* FocusBlockManager.swift in Sources */ = {isa = PBXBuildFile; fileRef = A00000000000000000000002; };
		C00000000000000000000003 /* BackgroundHelperInstaller.swift in Sources */ = {isa = PBXBuildFile; fileRef = A00000000000000000000003; };
		C00000000000000000000004 /* ContentView.swift in Sources */ = {isa = PBXBuildFile; fileRef = A00000000000000000000004; };
		C00000000000000000000005 /* FocusShieldState.swift in Sources */ = {isa = PBXBuildFile; fileRef = A00000000000000000000005; };
		C00000000000000000000006 /* ApplicationBlocker.swift in Sources */ = {isa = PBXBuildFile; fileRef = A00000000000000000000006; };
		C00000000000000000000007 /* main.swift in Sources */ = {isa = PBXBuildFile; fileRef = A00000000000000000000007; };
		C00000000000000000000008 /* FocusShieldState.swift in Sources */ = {isa = PBXBuildFile; fileRef = A00000000000000000000005; };
		C00000000000000000000009 /* ApplicationBlocker.swift in Sources */ = {isa = PBXBuildFile; fileRef = A00000000000000000000006; };
		C0000000000000000000000B /* FocusShieldAgent in Copy Helper */ = {isa = PBXBuildFile; fileRef = B00000000000000000000002; settings = {ATTRIBUTES = (CodeSignOnCopy, ); }; };
		C0000000000000000000000C /* AppKit.framework in Frameworks */ = {isa = PBXBuildFile; fileRef = A0000000000000000000000A; };
		C0000000000000000000000D /* AppKit.framework in Frameworks */ = {isa = PBXBuildFile; fileRef = A0000000000000000000000A; };
		C0000000000000000000000E /* Assets.xcassets in Resources */ = {isa = PBXBuildFile; fileRef = A0000000000000000000000B; };
/* End PBXBuildFile section */

/* Begin PBXContainerItemProxy section */
		D00000000000000000000001 = {isa = PBXContainerItemProxy; containerPortal = F00000000000000000000001; proxyType = 1; remoteGlobalIDString = E00000000000000000000002; remoteInfo = FocusShieldAgent; };
/* End PBXContainerItemProxy section */

/* Begin PBXCopyFilesBuildPhase section */
		D00000000000000000000002 /* Copy Helper */ = {
			isa = PBXCopyFilesBuildPhase;
			buildActionMask = 2147483647;
			dstPath = "";
			dstSubfolderSpec = 7;
			files = (C0000000000000000000000B, );
			name = "Copy Helper";
			runOnlyForDeploymentPostprocessing = 0;
		};
/* End PBXCopyFilesBuildPhase section */

/* Begin PBXFileReference section */
		A00000000000000000000001 = {isa = PBXFileReference; lastKnownFileType = sourcecode.swift; path = FocusShieldApp.swift; sourceTree = "<group>"; };
		A00000000000000000000002 = {isa = PBXFileReference; lastKnownFileType = sourcecode.swift; path = FocusBlockManager.swift; sourceTree = "<group>"; };
		A00000000000000000000003 = {isa = PBXFileReference; lastKnownFileType = sourcecode.swift; path = BackgroundHelperInstaller.swift; sourceTree = "<group>"; };
		A00000000000000000000004 = {isa = PBXFileReference; lastKnownFileType = sourcecode.swift; path = ContentView.swift; sourceTree = "<group>"; };
		A00000000000000000000005 = {isa = PBXFileReference; lastKnownFileType = sourcecode.swift; path = FocusShieldState.swift; sourceTree = "<group>"; };
		A00000000000000000000006 = {isa = PBXFileReference; lastKnownFileType = sourcecode.swift; path = ApplicationBlocker.swift; sourceTree = "<group>"; };
		A00000000000000000000007 = {isa = PBXFileReference; lastKnownFileType = sourcecode.swift; path = main.swift; sourceTree = "<group>"; };
		A00000000000000000000008 = {isa = PBXFileReference; lastKnownFileType = text.plist.xml; path = Info.plist; sourceTree = "<group>"; };
		A0000000000000000000000A /* AppKit.framework */ = {isa = PBXFileReference; lastKnownFileType = wrapper.framework; name = AppKit.framework; path = System/Library/Frameworks/AppKit.framework; sourceTree = SDKROOT; };
		A0000000000000000000000B /* Assets.xcassets */ = {isa = PBXFileReference; lastKnownFileType = folder.assetcatalog; path = Assets.xcassets; sourceTree = "<group>"; };
		B00000000000000000000001 /* FocusShield.app */ = {isa = PBXFileReference; explicitFileType = wrapper.application; includeInIndex = 0; path = FocusShield.app; sourceTree = BUILT_PRODUCTS_DIR; };
		B00000000000000000000002 /* FocusShieldAgent */ = {isa = PBXFileReference; explicitFileType = "compiled.mach-o.executable"; includeInIndex = 0; path = FocusShieldAgent; sourceTree = BUILT_PRODUCTS_DIR; };
/* End PBXFileReference section */

/* Begin PBXFrameworksBuildPhase section */
		D00000000000000000000003 = {isa = PBXFrameworksBuildPhase; buildActionMask = 2147483647; files = (C0000000000000000000000C, ); runOnlyForDeploymentPostprocessing = 0; };
		D00000000000000000000004 = {isa = PBXFrameworksBuildPhase; buildActionMask = 2147483647; files = (C0000000000000000000000D, ); runOnlyForDeploymentPostprocessing = 0; };
/* End PBXFrameworksBuildPhase section */

/* Begin PBXGroup section */
		F00000000000000000000002 = {isa = PBXGroup; children = (F00000000000000000000003, F00000000000000000000006, F00000000000000000000007, F00000000000000000000008, F00000000000000000000009, ); sourceTree = "<group>"; };
		F00000000000000000000003 /* FocusShield */ = {isa = PBXGroup; children = (A00000000000000000000001, F00000000000000000000004, F00000000000000000000005, A0000000000000000000000B, A00000000000000000000008, ); path = FocusShield; sourceTree = "<group>"; };
		F00000000000000000000004 /* Services */ = {isa = PBXGroup; children = (A00000000000000000000002, A00000000000000000000003, ); path = Services; sourceTree = "<group>"; };
		F00000000000000000000005 /* Views */ = {isa = PBXGroup; children = (A00000000000000000000004, ); path = Views; sourceTree = "<group>"; };
		F00000000000000000000006 /* Shared */ = {isa = PBXGroup; children = (A00000000000000000000005, A00000000000000000000006, ); path = Shared; sourceTree = "<group>"; };
		F00000000000000000000007 /* FocusShieldAgent */ = {isa = PBXGroup; children = (A00000000000000000000007, ); path = FocusShieldAgent; sourceTree = "<group>"; };
		F00000000000000000000008 /* Frameworks */ = {isa = PBXGroup; children = (A0000000000000000000000A, ); name = Frameworks; sourceTree = "<group>"; };
		F00000000000000000000009 /* Products */ = {isa = PBXGroup; children = (B00000000000000000000001, B00000000000000000000002, ); name = Products; sourceTree = "<group>"; };
/* End PBXGroup section */

/* Begin PBXNativeTarget section */
		E00000000000000000000001 /* FocusShield */ = {
			isa = PBXNativeTarget;
			buildConfigurationList = F0000000000000000000000A;
			buildPhases = (D00000000000000000000005, D00000000000000000000003, D00000000000000000000007, D00000000000000000000002, );
			buildRules = ();
			dependencies = (D00000000000000000000009, );
			name = FocusShield;
			productName = FocusShield;
			productReference = B00000000000000000000001;
			productType = "com.apple.product-type.application";
		};
		E00000000000000000000002 /* FocusShieldAgent */ = {
			isa = PBXNativeTarget;
			buildConfigurationList = F0000000000000000000000B;
			buildPhases = (D00000000000000000000006, D00000000000000000000004, D00000000000000000000008, );
			buildRules = ();
			dependencies = ();
			name = FocusShieldAgent;
			productName = FocusShieldAgent;
			productReference = B00000000000000000000002;
			productType = "com.apple.product-type.tool";
		};
/* End PBXNativeTarget section */

/* Begin PBXProject section */
		F00000000000000000000001 = {
			isa = PBXProject;
			attributes = {BuildIndependentTargetsInParallel = YES; LastSwiftUpdateCheck = 2630; LastUpgradeCheck = 2630; TargetAttributes = {E00000000000000000000001 = {CreatedOnToolsVersion = 26.3; }; E00000000000000000000002 = {CreatedOnToolsVersion = 26.3; }; }; };
			buildConfigurationList = F0000000000000000000000C;
			compatibilityVersion = "Xcode 14.0";
			developmentRegion = en;
			hasScannedForEncodings = 0;
			knownRegions = (en, Base, );
			mainGroup = F00000000000000000000002;
			productRefGroup = F00000000000000000000009;
			projectDirPath = "";
			projectRoot = "";
			targets = (E00000000000000000000001, E00000000000000000000002, );
		};
/* End PBXProject section */

/* Begin PBXResourcesBuildPhase section */
		D00000000000000000000007 = {isa = PBXResourcesBuildPhase; buildActionMask = 2147483647; files = (C0000000000000000000000E, ); runOnlyForDeploymentPostprocessing = 0; };
		D00000000000000000000008 = {isa = PBXResourcesBuildPhase; buildActionMask = 2147483647; files = (); runOnlyForDeploymentPostprocessing = 0; };
/* End PBXResourcesBuildPhase section */

/* Begin PBXSourcesBuildPhase section */
		D00000000000000000000005 = {isa = PBXSourcesBuildPhase; buildActionMask = 2147483647; files = (C00000000000000000000001, C00000000000000000000002, C00000000000000000000003, C00000000000000000000004, C00000000000000000000005, C00000000000000000000006, ); runOnlyForDeploymentPostprocessing = 0; };
		D00000000000000000000006 = {isa = PBXSourcesBuildPhase; buildActionMask = 2147483647; files = (C00000000000000000000007, C00000000000000000000008, C00000000000000000000009, ); runOnlyForDeploymentPostprocessing = 0; };
/* End PBXSourcesBuildPhase section */

/* Begin PBXTargetDependency section */
		D00000000000000000000009 = {isa = PBXTargetDependency; target = E00000000000000000000002; targetProxy = D00000000000000000000001; };
/* End PBXTargetDependency section */

/* Begin XCBuildConfiguration section */
		100000000000000000000001 /* Debug */ = {isa = XCBuildConfiguration; buildSettings = {ALWAYS_SEARCH_USER_PATHS = NO; CLANG_ENABLE_MODULES = YES; CLANG_ENABLE_OBJC_ARC = YES; DEBUG_INFORMATION_FORMAT = dwarf; ENABLE_TESTABILITY = YES; GCC_C_LANGUAGE_STANDARD = gnu17; GCC_OPTIMIZATION_LEVEL = 0; MACOSX_DEPLOYMENT_TARGET = 13.0; ONLY_ACTIVE_ARCH = YES; SDKROOT = macosx; SWIFT_ACTIVE_COMPILATION_CONDITIONS = DEBUG; SWIFT_OPTIMIZATION_LEVEL = "-Onone"; }; name = Debug; };
		100000000000000000000002 /* Release */ = {isa = XCBuildConfiguration; buildSettings = {ALWAYS_SEARCH_USER_PATHS = NO; CLANG_ENABLE_MODULES = YES; CLANG_ENABLE_OBJC_ARC = YES; DEBUG_INFORMATION_FORMAT = "dwarf-with-dsym"; GCC_C_LANGUAGE_STANDARD = gnu17; MACOSX_DEPLOYMENT_TARGET = 13.0; SDKROOT = macosx; SWIFT_COMPILATION_MODE = wholemodule; SWIFT_OPTIMIZATION_LEVEL = "-O"; VALIDATE_PRODUCT = YES; }; name = Release; };
		100000000000000000000003 /* Debug */ = {isa = XCBuildConfiguration; buildSettings = {ASSETCATALOG_COMPILER_APPICON_NAME = AppIcon; CODE_SIGN_STYLE = Automatic; COMBINE_HIDPI_IMAGES = YES; COPY_PHASE_STRIP = NO; CURRENT_PROJECT_VERSION = 1; ENABLE_APP_SANDBOX = NO; ENABLE_HARDENED_RUNTIME = NO; ENABLE_PREVIEWS = YES; GENERATE_INFOPLIST_FILE = NO; INFOPLIST_FILE = FocusShield/Info.plist; LD_RUNPATH_SEARCH_PATHS = ("$(inherited)", "@executable_path/../Frameworks", ); MARKETING_VERSION = 1.0; PRODUCT_BUNDLE_IDENTIFIER = com.example.FocusShield; PRODUCT_NAME = "$(TARGET_NAME)"; SUPPORTED_PLATFORMS = macosx; SWIFT_EMIT_LOC_STRINGS = YES; SWIFT_VERSION = 5.0; }; name = Debug; };
		100000000000000000000004 /* Release */ = {isa = XCBuildConfiguration; buildSettings = {ASSETCATALOG_COMPILER_APPICON_NAME = AppIcon; CODE_SIGN_STYLE = Automatic; COMBINE_HIDPI_IMAGES = YES; COPY_PHASE_STRIP = NO; CURRENT_PROJECT_VERSION = 1; ENABLE_APP_SANDBOX = NO; ENABLE_HARDENED_RUNTIME = NO; GENERATE_INFOPLIST_FILE = NO; INFOPLIST_FILE = FocusShield/Info.plist; LD_RUNPATH_SEARCH_PATHS = ("$(inherited)", "@executable_path/../Frameworks", ); MARKETING_VERSION = 1.0; PRODUCT_BUNDLE_IDENTIFIER = com.example.FocusShield; PRODUCT_NAME = "$(TARGET_NAME)"; SUPPORTED_PLATFORMS = macosx; SWIFT_EMIT_LOC_STRINGS = YES; SWIFT_VERSION = 5.0; }; name = Release; };
		100000000000000000000005 /* Debug */ = {isa = XCBuildConfiguration; buildSettings = {CODE_SIGN_STYLE = Automatic; CURRENT_PROJECT_VERSION = 1; ENABLE_APP_SANDBOX = NO; ENABLE_HARDENED_RUNTIME = NO; GENERATE_INFOPLIST_FILE = YES; PRODUCT_BUNDLE_IDENTIFIER = com.example.FocusShield.Agent; PRODUCT_NAME = "$(TARGET_NAME)"; SKIP_INSTALL = YES; SUPPORTED_PLATFORMS = macosx; SWIFT_VERSION = 5.0; }; name = Debug; };
		100000000000000000000006 /* Release */ = {isa = XCBuildConfiguration; buildSettings = {CODE_SIGN_STYLE = Automatic; CURRENT_PROJECT_VERSION = 1; ENABLE_APP_SANDBOX = NO; ENABLE_HARDENED_RUNTIME = NO; GENERATE_INFOPLIST_FILE = YES; PRODUCT_BUNDLE_IDENTIFIER = com.example.FocusShield.Agent; PRODUCT_NAME = "$(TARGET_NAME)"; SKIP_INSTALL = YES; SUPPORTED_PLATFORMS = macosx; SWIFT_VERSION = 5.0; }; name = Release; };
/* End XCBuildConfiguration section */

/* Begin XCConfigurationList section */
		F0000000000000000000000A = {isa = XCConfigurationList; buildConfigurations = (100000000000000000000003, 100000000000000000000004, ); defaultConfigurationIsVisible = 0; defaultConfigurationName = Release; };
		F0000000000000000000000B = {isa = XCConfigurationList; buildConfigurations = (100000000000000000000005, 100000000000000000000006, ); defaultConfigurationIsVisible = 0; defaultConfigurationName = Release; };
		F0000000000000000000000C = {isa = XCConfigurationList; buildConfigurations = (100000000000000000000001, 100000000000000000000002, ); defaultConfigurationIsVisible = 0; defaultConfigurationName = Release; };
/* End XCConfigurationList section */
	};
	rootObject = F00000000000000000000001;
}
